// !$*UTF8*$!
{
    archiveVersion = 1;
    classes = {};
    objectVersion = 46;
    rootObject = __RootObject_;
    objects = {
        __RootObject_ = {
            isa = PBXProject;
            attributes = {LastUpgradeCheck = 9999;};
            buildConfigurationList = ___RootConfs_;
            compatibilityVersion = 'Xcode 3.2';
            developmentRegion = English;
            hasScannedForEncodings = 0;
            knownRegions = (en);
            mainGroup = ___RootGroup_;
            productRefGroup = ____Products_;
            projectDirPath = '';
            projectRoot = '';
            targets = (______Target_LibXml2Swift, ______Target_Coconut_xib_converter);
        };
        '__PBXFileRef_Package.swift' = {
            isa = PBXFileReference;
            lastKnownFileType = sourcecode.swift;
            path = 'Package.swift';
            sourceTree = '<group>';
        };
        '__PBXFileRef_Files' = {
            isa = PBXFileReference;
            lastKnownFileType = folder;
            name = 'Files';
            path = 'Files';
            sourceTree = '<group>';
        };
        ___RootGroup_ = {
            isa = PBXGroup;
            children = ('__PBXFileRef_Package.swift', _____Configs_, _____Sources_, '__PBXFileRef_Files', Dependencies_, _______Tests_, ____Products_);
            sourceTree = '<group>';
        };
        _______Group_LibXml2Swift = {
            isa = PBXGroup;
            name = 'LibXml2Swift';
            path = 'Packages/LibXml2Swift-1.2.0/Sources/LibXml2Swift';
            sourceTree = '<group>';
            children = ('__PBXFileRef_Packages/LibXml2Swift-1.2.0/Sources/LibXml2Swift/XmlDomAttribute.swift', '__PBXFileRef_Packages/LibXml2Swift-1.2.0/Sources/LibXml2Swift/XmlDomDocument.swift', '__PBXFileRef_Packages/LibXml2Swift-1.2.0/Sources/LibXml2Swift/XmlDomElement.swift', '__PBXFileRef_Packages/LibXml2Swift-1.2.0/Sources/LibXml2Swift/XmlDomNode.swift', '__PBXFileRef_Packages/LibXml2Swift-1.2.0/Sources/LibXml2Swift/XmlDomReader.swift', '__PBXFileRef_Packages/LibXml2Swift-1.2.0/Sources/LibXml2Swift/XmlDomTextNode.swift');
        };
        '__PBXFileRef_Packages/LibXml2Swift-1.2.0/Sources/LibXml2Swift/XmlDomAttribute.swift' = {
            isa = PBXFileReference;
            lastKnownFileType = sourcecode.swift;
            path = 'XmlDomAttribute.swift';
            sourceTree = '<group>';
        };
        '__PBXFileRef_Packages/LibXml2Swift-1.2.0/Sources/LibXml2Swift/XmlDomDocument.swift' = {
            isa = PBXFileReference;
            lastKnownFileType = sourcecode.swift;
            path = 'XmlDomDocument.swift';
            sourceTree = '<group>';
        };
        '__PBXFileRef_Packages/LibXml2Swift-1.2.0/Sources/LibXml2Swift/XmlDomElement.swift' = {
            isa = PBXFileReference;
            lastKnownFileType = sourcecode.swift;
            path = 'XmlDomElement.swift';
            sourceTree = '<group>';
        };
        '__PBXFileRef_Packages/LibXml2Swift-1.2.0/Sources/LibXml2Swift/XmlDomNode.swift' = {
            isa = PBXFileReference;
            lastKnownFileType = sourcecode.swift;
            path = 'XmlDomNode.swift';
            sourceTree = '<group>';
        };
        '__PBXFileRef_Packages/LibXml2Swift-1.2.0/Sources/LibXml2Swift/XmlDomReader.swift' = {
            isa = PBXFileReference;
            lastKnownFileType = sourcecode.swift;
            path = 'XmlDomReader.swift';
            sourceTree = '<group>';
        };
        '__PBXFileRef_Packages/LibXml2Swift-1.2.0/Sources/LibXml2Swift/XmlDomTextNode.swift' = {
            isa = PBXFileReference;
            lastKnownFileType = sourcecode.swift;
            path = 'XmlDomTextNode.swift';
            sourceTree = '<group>';
        };
        ______Target_LibXml2Swift = {
            isa = PBXNativeTarget;
            buildConfigurationList = _______Confs_LibXml2Swift;
            buildPhases = (CompilePhase_LibXml2Swift, ___LinkPhase_LibXml2Swift);
            buildRules = ();
            dependencies = ();
            name = 'LibXml2Swift';
            productName = LibXml2Swift;
            productReference = _____Product_LibXml2Swift;
            productType = 'com.apple.product-type.framework';
        };
        _____Product_LibXml2Swift = {
            isa = PBXFileReference;
            explicitFileType = 'wrapper.framework';
            path = 'LibXml2Swift.framework';
            sourceTree = BUILT_PRODUCTS_DIR;
        };
        CompilePhase_LibXml2Swift = {
            isa = PBXSourcesBuildPhase;
            files = ('__src_cc_ref_Packages/LibXml2Swift-1.2.0/Sources/LibXml2Swift/XmlDomAttribute.swift', '__src_cc_ref_Packages/LibXml2Swift-1.2.0/Sources/LibXml2Swift/XmlDomDocument.swift', '__src_cc_ref_Packages/LibXml2Swift-1.2.0/Sources/LibXml2Swift/XmlDomElement.swift', '__src_cc_ref_Packages/LibXml2Swift-1.2.0/Sources/LibXml2Swift/XmlDomNode.swift', '__src_cc_ref_Packages/LibXml2Swift-1.2.0/Sources/LibXml2Swift/XmlDomReader.swift', '__src_cc_ref_Packages/LibXml2Swift-1.2.0/Sources/LibXml2Swift/XmlDomTextNode.swift');
            runOnlyForDeploymentPostprocessing = 0;
        };
        '__src_cc_ref_Packages/LibXml2Swift-1.2.0/Sources/LibXml2Swift/XmlDomAttribute.swift' = {
            isa = PBXBuildFile;
            fileRef = '__PBXFileRef_Packages/LibXml2Swift-1.2.0/Sources/LibXml2Swift/XmlDomAttribute.swift';
        };
        '__src_cc_ref_Packages/LibXml2Swift-1.2.0/Sources/LibXml2Swift/XmlDomDocument.swift' = {
            isa = PBXBuildFile;
            fileRef = '__PBXFileRef_Packages/LibXml2Swift-1.2.0/Sources/LibXml2Swift/XmlDomDocument.swift';
        };
        '__src_cc_ref_Packages/LibXml2Swift-1.2.0/Sources/LibXml2Swift/XmlDomElement.swift' = {
            isa = PBXBuildFile;
            fileRef = '__PBXFileRef_Packages/LibXml2Swift-1.2.0/Sources/LibXml2Swift/XmlDomElement.swift';
        };
        '__src_cc_ref_Packages/LibXml2Swift-1.2.0/Sources/LibXml2Swift/XmlDomNode.swift' = {
            isa = PBXBuildFile;
            fileRef = '__PBXFileRef_Packages/LibXml2Swift-1.2.0/Sources/LibXml2Swift/XmlDomNode.swift';
        };
        '__src_cc_ref_Packages/LibXml2Swift-1.2.0/Sources/LibXml2Swift/XmlDomReader.swift' = {
            isa = PBXBuildFile;
            fileRef = '__PBXFileRef_Packages/LibXml2Swift-1.2.0/Sources/LibXml2Swift/XmlDomReader.swift';
        };
        '__src_cc_ref_Packages/LibXml2Swift-1.2.0/Sources/LibXml2Swift/XmlDomTextNode.swift' = {
            isa = PBXBuildFile;
            fileRef = '__PBXFileRef_Packages/LibXml2Swift-1.2.0/Sources/LibXml2Swift/XmlDomTextNode.swift';
        };
        ___LinkPhase_LibXml2Swift = {
            isa = PBXFrameworksBuildPhase;
            files = ();
            runOnlyForDeploymentPostprocessing = 0;
        };
        _______Confs_LibXml2Swift = {
            isa = XCConfigurationList;
            buildConfigurations = (___DebugConf_LibXml2Swift, _ReleaseConf_LibXml2Swift);
            defaultConfigurationIsVisible = 0;
            defaultConfigurationName = Debug;
        };
        ___DebugConf_LibXml2Swift = {
            isa = XCBuildConfiguration;
            buildSettings = { SWIFT_VERSION = '3.0'; LD_RUNPATH_SEARCH_PATHS = '$(TOOLCHAIN_DIR)/usr/lib/swift/macosx'; PRODUCT_MODULE_NAME = '$(TARGET_NAME:c99extidentifier)'; ENABLE_TESTABILITY = 'YES'; OTHER_SWIFT_FLAGS = '$(inherited) -I/usr/local/Cellar/libxml2/2.9.4/include/libxml2'; INFOPLIST_FILE = 'Coconut-xib-converter.xcodeproj/LibXml2Swift_Info.plist'; FRAMEWORK_SEARCH_PATHS = '$(PLATFORM_DIR)/Developer/Library/Frameworks'; SWIFT_OPTIMIZATION_LEVEL = '-Onone'; HEADER_SEARCH_PATHS = '/Users/dami/XCode/Creabox/Coconut-xib-converter/Packages/CLibxml-0.1.0'; PRODUCT_BUNDLE_IDENTIFIER = 'LibXml2Swift'; PRODUCT_NAME = '$(TARGET_NAME:c99extidentifier)'; OTHER_LDFLAGS = '$(inherited) -L/usr/local/Cellar/libxml2/2.9.4/lib -lxml2'; };
            name = Debug;
        };
        _ReleaseConf_LibXml2Swift = {
            isa = XCBuildConfiguration;
            buildSettings = { SWIFT_VERSION = '3.0'; LD_RUNPATH_SEARCH_PATHS = '$(TOOLCHAIN_DIR)/usr/lib/swift/macosx'; PRODUCT_MODULE_NAME = '$(TARGET_NAME:c99extidentifier)'; ENABLE_TESTABILITY = 'YES'; OTHER_SWIFT_FLAGS = '$(inherited) -I/usr/local/Cellar/libxml2/2.9.4/include/libxml2'; INFOPLIST_FILE = 'Coconut-xib-converter.xcodeproj/LibXml2Swift_Info.plist'; FRAMEWORK_SEARCH_PATHS = '$(PLATFORM_DIR)/Developer/Library/Frameworks'; HEADER_SEARCH_PATHS = '/Users/dami/XCode/Creabox/Coconut-xib-converter/Packages/CLibxml-0.1.0'; PRODUCT_BUNDLE_IDENTIFIER = 'LibXml2Swift'; PRODUCT_NAME = '$(TARGET_NAME:c99extidentifier)'; OTHER_LDFLAGS = '$(inherited) -L/usr/local/Cellar/libxml2/2.9.4/lib -lxml2'; };
            name = Release;
        };
        __Dependency_LibXml2Swift = {
            isa = PBXTargetDependency;
            target = ______Target_LibXml2Swift;
        };
        _______Group_Coconut_xib_converter = {
            isa = PBXGroup;
            name = 'Coconut-xib-converter';
            path = 'Sources/Coconut-xib-converter';
            sourceTree = '<group>';
            children = ('__PBXFileRef_Sources/Coconut-xib-converter/main.swift', '__PBXFileRef_Sources/Coconut-xib-converter/Document/XibCustomObject.swift', '__PBXFileRef_Sources/Coconut-xib-converter/Document/XibCustomView.swift', '__PBXFileRef_Sources/Coconut-xib-converter/Document/XibDefinition.swift', '__PBXFileRef_Sources/Coconut-xib-converter/Document/XibMenu.swift', '__PBXFileRef_Sources/Coconut-xib-converter/Document/XibObject.swift', '__PBXFileRef_Sources/Coconut-xib-converter/Document/XibWindow.swift', '__PBXFileRef_Sources/Coconut-xib-converter/Reader/XibDefinitionReader.swift', '__PBXFileRef_Sources/Coconut-xib-converter/Writer/UIDefinitionWriter.swift');
        };
        '__PBXFileRef_Sources/Coconut-xib-converter/main.swift' = {
            isa = PBXFileReference;
            lastKnownFileType = sourcecode.swift;
            path = 'main.swift';
            sourceTree = '<group>';
        };
        '__PBXFileRef_Sources/Coconut-xib-converter/Document/XibCustomObject.swift' = {
            isa = PBXFileReference;
            lastKnownFileType = sourcecode.swift;
            path = 'Document/XibCustomObject.swift';
            sourceTree = '<group>';
        };
        '__PBXFileRef_Sources/Coconut-xib-converter/Document/XibCustomView.swift' = {
            isa = PBXFileReference;
            lastKnownFileType = sourcecode.swift;
            path = 'Document/XibCustomView.swift';
            sourceTree = '<group>';
        };
        '__PBXFileRef_Sources/Coconut-xib-converter/Document/XibDefinition.swift' = {
            isa = PBXFileReference;
            lastKnownFileType = sourcecode.swift;
            path = 'Document/XibDefinition.swift';
            sourceTree = '<group>';
        };
        '__PBXFileRef_Sources/Coconut-xib-converter/Document/XibMenu.swift' = {
            isa = PBXFileReference;
            lastKnownFileType = sourcecode.swift;
            path = 'Document/XibMenu.swift';
            sourceTree = '<group>';
        };
        '__PBXFileRef_Sources/Coconut-xib-converter/Document/XibObject.swift' = {
            isa = PBXFileReference;
            lastKnownFileType = sourcecode.swift;
            path = 'Document/XibObject.swift';
            sourceTree = '<group>';
        };
        '__PBXFileRef_Sources/Coconut-xib-converter/Document/XibWindow.swift' = {
            isa = PBXFileReference;
            lastKnownFileType = sourcecode.swift;
            path = 'Document/XibWindow.swift';
            sourceTree = '<group>';
        };
        '__PBXFileRef_Sources/Coconut-xib-converter/Reader/XibDefinitionReader.swift' = {
            isa = PBXFileReference;
            lastKnownFileType = sourcecode.swift;
            path = 'Reader/XibDefinitionReader.swift';
            sourceTree = '<group>';
        };
        '__PBXFileRef_Sources/Coconut-xib-converter/Writer/UIDefinitionWriter.swift' = {
            isa = PBXFileReference;
            lastKnownFileType = sourcecode.swift;
            path = 'Writer/UIDefinitionWriter.swift';
            sourceTree = '<group>';
        };
        ______Target_Coconut_xib_converter = {
            isa = PBXNativeTarget;
            buildConfigurationList = _______Confs_Coconut_xib_converter;
            buildPhases = (CompilePhase_Coconut_xib_converter, ___LinkPhase_Coconut_xib_converter);
            buildRules = ();
            dependencies = (__Dependency_LibXml2Swift);
            name = 'Coconut-xib-converter';
            productName = Coconut_xib_converter;
            productReference = _____Product_Coconut_xib_converter;
            productType = 'com.apple.product-type.tool';
        };
        _____Product_Coconut_xib_converter = {
            isa = PBXFileReference;
            explicitFileType = 'compiled.mach-o.executable';
            path = 'Coconut-xib-converter';
            sourceTree = BUILT_PRODUCTS_DIR;
        };
        CompilePhase_Coconut_xib_converter = {
            isa = PBXSourcesBuildPhase;
            files = ('__src_cc_ref_Sources/Coconut-xib-converter/main.swift', '__src_cc_ref_Sources/Coconut-xib-converter/Document/XibCustomObject.swift', '__src_cc_ref_Sources/Coconut-xib-converter/Document/XibCustomView.swift', '__src_cc_ref_Sources/Coconut-xib-converter/Document/XibDefinition.swift', '__src_cc_ref_Sources/Coconut-xib-converter/Document/XibMenu.swift', '__src_cc_ref_Sources/Coconut-xib-converter/Document/XibObject.swift', '__src_cc_ref_Sources/Coconut-xib-converter/Document/XibWindow.swift', '__src_cc_ref_Sources/Coconut-xib-converter/Reader/XibDefinitionReader.swift', '__src_cc_ref_Sources/Coconut-xib-converter/Writer/UIDefinitionWriter.swift');
            runOnlyForDeploymentPostprocessing = 0;
        };
        '__src_cc_ref_Sources/Coconut-xib-converter/main.swift' = {
            isa = PBXBuildFile;
            fileRef = '__PBXFileRef_Sources/Coconut-xib-converter/main.swift';
        };
        '__src_cc_ref_Sources/Coconut-xib-converter/Document/XibCustomObject.swift' = {
            isa = PBXBuildFile;
            fileRef = '__PBXFileRef_Sources/Coconut-xib-converter/Document/XibCustomObject.swift';
        };
        '__src_cc_ref_Sources/Coconut-xib-converter/Document/XibCustomView.swift' = {
            isa = PBXBuildFile;
            fileRef = '__PBXFileRef_Sources/Coconut-xib-converter/Document/XibCustomView.swift';
        };
        '__src_cc_ref_Sources/Coconut-xib-converter/Document/XibDefinition.swift' = {
            isa = PBXBuildFile;
            fileRef = '__PBXFileRef_Sources/Coconut-xib-converter/Document/XibDefinition.swift';
        };
        '__src_cc_ref_Sources/Coconut-xib-converter/Document/XibMenu.swift' = {
            isa = PBXBuildFile;
            fileRef = '__PBXFileRef_Sources/Coconut-xib-converter/Document/XibMenu.swift';
        };
        '__src_cc_ref_Sources/Coconut-xib-converter/Document/XibObject.swift' = {
            isa = PBXBuildFile;
            fileRef = '__PBXFileRef_Sources/Coconut-xib-converter/Document/XibObject.swift';
        };
        '__src_cc_ref_Sources/Coconut-xib-converter/Document/XibWindow.swift' = {
            isa = PBXBuildFile;
            fileRef = '__PBXFileRef_Sources/Coconut-xib-converter/Document/XibWindow.swift';
        };
        '__src_cc_ref_Sources/Coconut-xib-converter/Reader/XibDefinitionReader.swift' = {
            isa = PBXBuildFile;
            fileRef = '__PBXFileRef_Sources/Coconut-xib-converter/Reader/XibDefinitionReader.swift';
        };
        '__src_cc_ref_Sources/Coconut-xib-converter/Writer/UIDefinitionWriter.swift' = {
            isa = PBXBuildFile;
            fileRef = '__PBXFileRef_Sources/Coconut-xib-converter/Writer/UIDefinitionWriter.swift';
        };
        ___LinkPhase_Coconut_xib_converter = {
            isa = PBXFrameworksBuildPhase;
            files = (_LinkFileRef_LibXml2Swift_via_Coconut_xib_converter);
            runOnlyForDeploymentPostprocessing = 0;
        };
        _LinkFileRef_LibXml2Swift_via_Coconut_xib_converter = {
            isa = PBXBuildFile;
            fileRef = _____Product_LibXml2Swift;
        };
        _______Confs_Coconut_xib_converter = {
            isa = XCConfigurationList;
            buildConfigurations = (___DebugConf_Coconut_xib_converter, _ReleaseConf_Coconut_xib_converter);
            defaultConfigurationIsVisible = 0;
            defaultConfigurationName = Debug;
        };
        ___DebugConf_Coconut_xib_converter = {
            isa = XCBuildConfiguration;
            buildSettings = { LD_RUNPATH_SEARCH_PATHS = '$(TOOLCHAIN_DIR)/usr/lib/swift/macosx @executable_path'; FRAMEWORK_SEARCH_PATHS = '$(PLATFORM_DIR)/Developer/Library/Frameworks'; HEADER_SEARCH_PATHS = '/Users/dami/XCode/Creabox/Coconut-xib-converter/Packages/CLibxml-0.1.0'; OTHER_SWIFT_FLAGS = '$(inherited) -I/usr/local/Cellar/libxml2/2.9.4/include/libxml2'; SWIFT_FORCE_STATIC_LINK_STDLIB = 'NO'; SWIFT_FORCE_DYNAMIC_LINK_STDLIB = 'YES'; SWIFT_OPTIMIZATION_LEVEL = '-Onone'; OTHER_LDFLAGS = '$(inherited) -L/usr/local/Cellar/libxml2/2.9.4/lib -lxml2'; SWIFT_VERSION = '3.0'; };
            name = Debug;
        };
        _ReleaseConf_Coconut_xib_converter = {
            isa = XCBuildConfiguration;
            buildSettings = { LD_RUNPATH_SEARCH_PATHS = '$(TOOLCHAIN_DIR)/usr/lib/swift/macosx @executable_path'; FRAMEWORK_SEARCH_PATHS = '$(PLATFORM_DIR)/Developer/Library/Frameworks'; HEADER_SEARCH_PATHS = '/Users/dami/XCode/Creabox/Coconut-xib-converter/Packages/CLibxml-0.1.0'; OTHER_SWIFT_FLAGS = '$(inherited) -I/usr/local/Cellar/libxml2/2.9.4/include/libxml2'; SWIFT_FORCE_STATIC_LINK_STDLIB = 'NO'; SWIFT_FORCE_DYNAMIC_LINK_STDLIB = 'YES'; OTHER_LDFLAGS = '$(inherited) -L/usr/local/Cellar/libxml2/2.9.4/lib -lxml2'; SWIFT_VERSION = '3.0'; };
            name = Release;
        };
        __Dependency_Coconut_xib_converter = {
            isa = PBXTargetDependency;
            target = ______Target_Coconut_xib_converter;
        };
        '__PBXFileRef_Coconut-xib-converter.xcodeproj/Configs/Project.xcconfig' = {
            isa = PBXFileReference;
            lastKnownFileType = text.xcconfig;
            path = 'Coconut-xib-converter.xcodeproj/Configs/Project.xcconfig';
            sourceTree = '<group>';
        };
        _____Configs_ = {
            isa = PBXGroup;
            children = ('__PBXFileRef_Coconut-xib-converter.xcodeproj/Configs/Project.xcconfig');
            name = Configs;
            sourceTree = '<group>';
        };
        _____Sources_ = {
            isa = PBXGroup;
            children = (_______Group_LibXml2Swift, _______Group_Coconut_xib_converter);
            name = Sources;
            sourceTree = '<group>';
        };
        Dependencies_ = {
            isa = PBXGroup;
            children = (_______Group_LibXml2Swift);
            name = Dependencies;
            sourceTree = '<group>';
        };
        ____Products_ = {
            isa = PBXGroup;
            children = (_____Product_LibXml2Swift, _____Product_Coconut_xib_converter);
            name = Products;
            sourceTree = '<group>';
        };
        _______Debug_ = {
            isa = XCBuildConfiguration;
            baseConfigurationReference = '__PBXFileRef_Coconut-xib-converter.xcodeproj/Configs/Project.xcconfig';
            buildSettings = {};
            name = Debug;
        };
        _____Release_ = {
            isa = XCBuildConfiguration;
            baseConfigurationReference = '__PBXFileRef_Coconut-xib-converter.xcodeproj/Configs/Project.xcconfig';
            buildSettings = {};
            name = Release;
        };
        ___RootConfs_ = {
            isa = XCConfigurationList;
            buildConfigurations = (_______Debug_, _____Release_);
            defaultConfigurationIsVisible = 0;
            defaultConfigurationName = Debug;
        };
    };
}
